// !$*UTF8*$!
{
	archiveVersion = 1;
	classes = {
	};
	objectVersion = 50;
	objects = {

/* Begin PBXBuildFile section */
		E66B15C3220C6AF800FA119D /* AppDelegate.swift in Sources */ = {isa = PBXBuildFile; fileRef = E66B15C2220C6AF800FA119D /* AppDelegate.swift */; };
		E66B15C5220C6AF800FA119D /* HomeViewController.swift in Sources */ = {isa = PBXBuildFile; fileRef = E66B15C4220C6AF800FA119D /* HomeViewController.swift */; };
		E66B15CA220C6AF900FA119D /* Assets.xcassets in Resources */ = {isa = PBXBuildFile; fileRef = E66B15C9220C6AF900FA119D /* Assets.xcassets */; };
		E6E9C1EF220D406A00BA0E2D /* LoginViewController.swift in Sources */ = {isa = PBXBuildFile; fileRef = E6E9C1EE220D406A00BA0E2D /* LoginViewController.swift */; };
		E6E9C1F5220D662100BA0E2D /* HomePresenter.swift in Sources */ = {isa = PBXBuildFile; fileRef = E6E9C1F4220D662100BA0E2D /* HomePresenter.swift */; };
		E6E9C1F7220D698000BA0E2D /* MainNavigator.swift in Sources */ = {isa = PBXBuildFile; fileRef = E6E9C1F6220D698000BA0E2D /* MainNavigator.swift */; };
		E6E9C1F9220D714A00BA0E2D /* HomePresenterTests.swift in Sources */ = {isa = PBXBuildFile; fileRef = E6E9C1F8220D714A00BA0E2D /* HomePresenterTests.swift */; };
		F59ED32D220D917D00BC1019 /* HomeNavigatorTestDoubles.swift in Sources */ = {isa = PBXBuildFile; fileRef = F59ED32C220D917D00BC1019 /* HomeNavigatorTestDoubles.swift */; };
		F59ED330220D926300BC1019 /* HomeDisplayerTestDoubles.swift in Sources */ = {isa = PBXBuildFile; fileRef = F59ED32F220D926300BC1019 /* HomeDisplayerTestDoubles.swift */; };
		F59ED332220D929800BC1019 /* AuthorizerTestDoubles.swift in Sources */ = {isa = PBXBuildFile; fileRef = F59ED331220D929800BC1019 /* AuthorizerTestDoubles.swift */; };
/* End PBXBuildFile section */

/* Begin PBXContainerItemProxy section */
		E66B15D4220C6AF900FA119D /* PBXContainerItemProxy */ = {
			isa = PBXContainerItemProxy;
			containerPortal = E66B15B7220C6AF800FA119D /* Project object */;
			proxyType = 1;
			remoteGlobalIDString = E66B15BE220C6AF800FA119D;
			remoteInfo = TestDoubles;
		};
/* End PBXContainerItemProxy section */

/* Begin PBXFileReference section */
		E66B15BF220C6AF800FA119D /* TestDoubles.app */ = {isa = PBXFileReference; explicitFileType = wrapper.application; includeInIndex = 0; path = TestDoubles.app; sourceTree = BUILT_PRODUCTS_DIR; };
		E66B15C2220C6AF800FA119D /* AppDelegate.swift */ = {isa = PBXFileReference; lastKnownFileType = sourcecode.swift; path = AppDelegate.swift; sourceTree = "<group>"; };
		E66B15C4220C6AF800FA119D /* HomeViewController.swift */ = {isa = PBXFileReference; lastKnownFileType = sourcecode.swift; path = HomeViewController.swift; sourceTree = "<group>"; };
		E66B15C9220C6AF900FA119D /* Assets.xcassets */ = {isa = PBXFileReference; lastKnownFileType = folder.assetcatalog; path = Assets.xcassets; sourceTree = "<group>"; };
		E66B15CE220C6AF900FA119D /* Info.plist */ = {isa = PBXFileReference; lastKnownFileType = text.plist.xml; path = Info.plist; sourceTree = "<group>"; };
		E66B15D3220C6AF900FA119D /* TestDoublesTests.xctest */ = {isa = PBXFileReference; explicitFileType = wrapper.cfbundle; includeInIndex = 0; path = TestDoublesTests.xctest; sourceTree = BUILT_PRODUCTS_DIR; };
		E66B15D9220C6AF900FA119D /* Info.plist */ = {isa = PBXFileReference; lastKnownFileType = text.plist.xml; path = Info.plist; sourceTree = "<group>"; };
		E6E9C1EE220D406A00BA0E2D /* LoginViewController.swift */ = {isa = PBXFileReference; lastKnownFileType = sourcecode.swift; path = LoginViewController.swift; sourceTree = "<group>"; };
		E6E9C1F4220D662100BA0E2D /* HomePresenter.swift */ = {isa = PBXFileReference; lastKnownFileType = sourcecode.swift; path = HomePresenter.swift; sourceTree = "<group>"; };
		E6E9C1F6220D698000BA0E2D /* MainNavigator.swift */ = {isa = PBXFileReference; lastKnownFileType = sourcecode.swift; path = MainNavigator.swift; sourceTree = "<group>"; };
		E6E9C1F8220D714A00BA0E2D /* HomePresenterTests.swift */ = {isa = PBXFileReference; lastKnownFileType = sourcecode.swift; path = HomePresenterTests.swift; sourceTree = "<group>"; };
		F59ED32C220D917D00BC1019 /* HomeNavigatorTestDoubles.swift */ = {isa = PBXFileReference; lastKnownFileType = sourcecode.swift; path = HomeNavigatorTestDoubles.swift; sourceTree = "<group>"; };
		F59ED32F220D926300BC1019 /* HomeDisplayerTestDoubles.swift */ = {isa = PBXFileReference; lastKnownFileType = sourcecode.swift; path = HomeDisplayerTestDoubles.swift; sourceTree = "<group>"; };
		F59ED331220D929800BC1019 /* AuthorizerTestDoubles.swift */ = {isa = PBXFileReference; lastKnownFileType = sourcecode.swift; path = AuthorizerTestDoubles.swift; sourceTree = "<group>"; };
/* End PBXFileReference section */

/* Begin PBXFrameworksBuildPhase section */
		E66B15BC220C6AF800FA119D /* Frameworks */ = {
			isa = PBXFrameworksBuildPhase;
			buildActionMask = 2147483647;
			files = (
			);
			runOnlyForDeploymentPostprocessing = 0;
		};
		E66B15D0220C6AF900FA119D /* Frameworks */ = {
			isa = PBXFrameworksBuildPhase;
			buildActionMask = 2147483647;
			files = (
			);
			runOnlyForDeploymentPostprocessing = 0;
		};
/* End PBXFrameworksBuildPhase section */

/* Begin PBXGroup section */
		E66B15B6220C6AF800FA119D = {
			isa = PBXGroup;
			children = (
				E66B15C1220C6AF800FA119D /* TestDoubles */,
				E66B15D6220C6AF900FA119D /* TestDoublesTests */,
				E66B15C0220C6AF800FA119D /* Products */,
			);
			sourceTree = "<group>";
		};
		E66B15C0220C6AF800FA119D /* Products */ = {
			isa = PBXGroup;
			children = (
				E66B15BF220C6AF800FA119D /* TestDoubles.app */,
				E66B15D3220C6AF900FA119D /* TestDoublesTests.xctest */,
			);
			name = Products;
			sourceTree = "<group>";
		};
		E66B15C1220C6AF800FA119D /* TestDoubles */ = {
			isa = PBXGroup;
			children = (
				E66B15C2220C6AF800FA119D /* AppDelegate.swift */,
				E66B15C9220C6AF900FA119D /* Assets.xcassets */,
				E66B15C4220C6AF800FA119D /* HomeViewController.swift */,
				E6E9C1F4220D662100BA0E2D /* HomePresenter.swift */,
				E66B15CE220C6AF900FA119D /* Info.plist */,
				E6E9C1EE220D406A00BA0E2D /* LoginViewController.swift */,
				E6E9C1F6220D698000BA0E2D /* MainNavigator.swift */,
			);
			path = TestDoubles;
			sourceTree = "<group>";
		};
		E66B15D6220C6AF900FA119D /* TestDoublesTests */ = {
			isa = PBXGroup;
			children = (
				F59ED32E220D91FA00BC1019 /* TestDoubles */,
				E6E9C1F8220D714A00BA0E2D /* HomePresenterTests.swift */,
				E66B15D9220C6AF900FA119D /* Info.plist */,
			);
			path = TestDoublesTests;
			sourceTree = "<group>";
		};
		F59ED32E220D91FA00BC1019 /* TestDoubles */ = {
			isa = PBXGroup;
			children = (
				F59ED331220D929800BC1019 /* AuthorizerTestDoubles.swift */,
				F59ED32F220D926300BC1019 /* HomeDisplayerTestDoubles.swift */,
				F59ED32C220D917D00BC1019 /* HomeNavigatorTestDoubles.swift */,
			);
			path = TestDoubles;
			sourceTree = "<group>";
		};
/* End PBXGroup section */

/* Begin PBXNativeTarget section */
		E66B15BE220C6AF800FA119D /* TestDoubles */ = {
			isa = PBXNativeTarget;
			buildConfigurationList = E66B15DC220C6AF900FA119D /* Build configuration list for PBXNativeTarget "TestDoubles" */;
			buildPhases = (
				E66B15BB220C6AF800FA119D /* Sources */,
				E66B15BC220C6AF800FA119D /* Frameworks */,
				E66B15BD220C6AF800FA119D /* Resources */,
			);
			buildRules = (
			);
			dependencies = (
			);
			name = TestDoubles;
			productName = TestDoubles;
			productReference = E66B15BF220C6AF800FA119D /* TestDoubles.app */;
			productType = "com.apple.product-type.application";
		};
		E66B15D2220C6AF900FA119D /* TestDoublesTests */ = {
			isa = PBXNativeTarget;
			buildConfigurationList = E66B15DF220C6AF900FA119D /* Build configuration list for PBXNativeTarget "TestDoublesTests" */;
			buildPhases = (
				E66B15CF220C6AF900FA119D /* Sources */,
				E66B15D0220C6AF900FA119D /* Frameworks */,
				E66B15D1220C6AF900FA119D /* Resources */,
			);
			buildRules = (
			);
			dependencies = (
				E66B15D5220C6AF900FA119D /* PBXTargetDependency */,
			);
			name = TestDoublesTests;
			productName = TestDoublesTests;
			productReference = E66B15D3220C6AF900FA119D /* TestDoublesTests.xctest */;
			productType = "com.apple.product-type.bundle.unit-test";
		};
/* End PBXNativeTarget section */

/* Begin PBXProject section */
		E66B15B7220C6AF800FA119D /* Project object */ = {
			isa = PBXProject;
			attributes = {
				LastSwiftUpdateCheck = 1010;
				LastUpgradeCheck = 1010;
				ORGANIZATIONNAME = "Murali Kathir";
				TargetAttributes = {
					E66B15BE220C6AF800FA119D = {
						CreatedOnToolsVersion = 10.1;
					};
					E66B15D2220C6AF900FA119D = {
						CreatedOnToolsVersion = 10.1;
						TestTargetID = E66B15BE220C6AF800FA119D;
					};
				};
			};
			buildConfigurationList = E66B15BA220C6AF800FA119D /* Build configuration list for PBXProject "TestDoubles" */;
			compatibilityVersion = "Xcode 9.3";
			developmentRegion = en;
			hasScannedForEncodings = 0;
			knownRegions = (
				en,
				Base,
			);
			mainGroup = E66B15B6220C6AF800FA119D;
			productRefGroup = E66B15C0220C6AF800FA119D /* Products */;
			projectDirPath = "";
			projectRoot = "";
			targets = (
				E66B15BE220C6AF800FA119D /* TestDoubles */,
				E66B15D2220C6AF900FA119D /* TestDoublesTests */,
			);
		};
/* End PBXProject section */

/* Begin PBXResourcesBuildPhase section */
		E66B15BD220C6AF800FA119D /* Resources */ = {
			isa = PBXResourcesBuildPhase;
			buildActionMask = 2147483647;
			files = (
				E66B15CA220C6AF900FA119D /* Assets.xcassets in Resources */,
			);
			runOnlyForDeploymentPostprocessing = 0;
		};
		E66B15D1220C6AF900FA119D /* Resources */ = {
			isa = PBXResourcesBuildPhase;
			buildActionMask = 2147483647;
			files = (
			);
			runOnlyForDeploymentPostprocessing = 0;
		};
/* End PBXResourcesBuildPhase section */

/* Begin PBXSourcesBuildPhase section */
		E66B15BB220C6AF800FA119D /* Sources */ = {
			isa = PBXSourcesBuildPhase;
			buildActionMask = 2147483647;
			files = (
				E6E9C1EF220D406A00BA0E2D /* LoginViewController.swift in Sources */,
				E66B15C5220C6AF800FA119D /* HomeViewController.swift in Sources */,
				E6E9C1F7220D698000BA0E2D /* MainNavigator.swift in Sources */,
				E66B15C3220C6AF800FA119D /* AppDelegate.swift in Sources */,
				E6E9C1F5220D662100BA0E2D /* HomePresenter.swift in Sources */,
			);
			runOnlyForDeploymentPostprocessing = 0;
		};
		E66B15CF220C6AF900FA119D /* Sources */ = {
			isa = PBXSourcesBuildPhase;
			buildActionMask = 2147483647;
			files = (
				E6E9C1F9220D714A00BA0E2D /* HomePresenterTests.swift in Sources */,
				F59ED332220D929800BC1019 /* AuthorizerTestDoubles.swift in Sources */,
				F59ED32D220D917D00BC1019 /* HomeNavigatorTestDoubles.swift in Sources */,
				F59ED330220D926300BC1019 /* HomeDisplayerTestDoubles.swift in Sources */,
			);
			runOnlyForDeploymentPostprocessing = 0;
		};
/* End PBXSourcesBuildPhase section */

/* Begin PBXTargetDependency section */
		E66B15D5220C6AF900FA119D /* PBXTargetDependency */ = {
			isa = PBXTargetDependency;
			target = E66B15BE220C6AF800FA119D /* TestDoubles */;
			targetProxy = E66B15D4220C6AF900FA119D /* PBXContainerItemProxy */;
		};
/* End PBXTargetDependency section */

/* Begin XCBuildConfiguration section */
		E66B15DA220C6AF900FA119D /* Debug */ = {
			isa = XCBuildConfiguration;
			buildSettings = {
				ALWAYS_SEARCH_USER_PATHS = NO;
				CLANG_ANALYZER_NONNULL = YES;
				CLANG_ANALYZER_NUMBER_OBJECT_CONVERSION = YES_AGGRESSIVE;
				CLANG_CXX_LANGUAGE_STANDARD = "gnu++14";
				CLANG_CXX_LIBRARY = "libc++";
				CLANG_ENABLE_MODULES = YES;
				CLANG_ENABLE_OBJC_ARC = YES;
				CLANG_ENABLE_OBJC_WEAK = YES;
				CLANG_WARN_BLOCK_CAPTURE_AUTORELEASING = YES;
				CLANG_WARN_BOOL_CONVERSION = YES;
				CLANG_WARN_COMMA = YES;
				CLANG_WARN_CONSTANT_CONVERSION = YES;
				CLANG_WARN_DEPRECATED_OBJC_IMPLEMENTATIONS = YES;
				CLANG_WARN_DIRECT_OBJC_ISA_USAGE = YES_ERROR;
				CLANG_WARN_DOCUMENTATION_COMMENTS = YES;
				CLANG_WARN_EMPTY_BODY = YES;
				CLANG_WARN_ENUM_CONVERSION = YES;
				CLANG_WARN_INFINITE_RECURSION = YES;
				CLANG_WARN_INT_CONVERSION = YES;
				CLANG_WARN_NON_LITERAL_NULL_CONVERSION = YES;
				CLANG_WARN_OBJC_IMPLICIT_RETAIN_SELF = YES;
				CLANG_WARN_OBJC_LITERAL_CONVERSION = YES;
				CLANG_WARN_OBJC_ROOT_CLASS = YES_ERROR;
				CLANG_WARN_RANGE_LOOP_ANALYSIS = YES;
				CLANG_WARN_STRICT_PROTOTYPES = YES;
				CLANG_WARN_SUSPICIOUS_MOVE = YES;
				CLANG_WARN_UNGUARDED_AVAILABILITY = YES_AGGRESSIVE;
				CLANG_WARN_UNREACHABLE_CODE = YES;
				CLANG_WARN__DUPLICATE_METHOD_MATCH = YES;
				CODE_SIGN_IDENTITY = "iPhone Developer";
				COPY_PHASE_STRIP = NO;
				DEBUG_INFORMATION_FORMAT = dwarf;
				ENABLE_STRICT_OBJC_MSGSEND = YES;
				ENABLE_TESTABILITY = YES;
				GCC_C_LANGUAGE_STANDARD = gnu11;
				GCC_DYNAMIC_NO_PIC = NO;
				GCC_NO_COMMON_BLOCKS = YES;
				GCC_OPTIMIZATION_LEVEL = 0;
				GCC_PREPROCESSOR_DEFINITIONS = (
					"DEBUG=1",
					"$(inherited)",
				);
				GCC_WARN_64_TO_32_BIT_CONVERSION = YES;
				GCC_WARN_ABOUT_RETURN_TYPE = YES_ERROR;
				GCC_WARN_UNDECLARED_SELECTOR = YES;
				GCC_WARN_UNINITIALIZED_AUTOS = YES_AGGRESSIVE;
				GCC_WARN_UNUSED_FUNCTION = YES;
				GCC_WARN_UNUSED_VARIABLE = YES;
				IPHONEOS_DEPLOYMENT_TARGET = 12.0;
				MTL_ENABLE_DEBUG_INFO = INCLUDE_SOURCE;
				MTL_FAST_MATH = YES;
				ONLY_ACTIVE_ARCH = YES;
				SDKROOT = iphoneos;
				SWIFT_ACTIVE_COMPILATION_CONDITIONS = DEBUG;
				SWIFT_OPTIMIZATION_LEVEL = "-Onone";
			};
			name = Debug;
		};
		E66B15DB220C6AF900FA119D /* Release */ = {
			isa = XCBuildConfiguration;
			buildSettings = {
				ALWAYS_SEARCH_USER_PATHS = NO;
				CLANG_ANALYZER_NONNULL = YES;
				CLANG_ANALYZER_NUMBER_OBJECT_CONVERSION = YES_AGGRESSIVE;
				CLANG_CXX_LANGUAGE_STANDARD = "gnu++14";
				CLANG_CXX_LIBRARY = "libc++";
				CLANG_ENABLE_MODULES = YES;
				CLANG_ENABLE_OBJC_ARC = YES;
				CLANG_ENABLE_OBJC_WEAK = YES;
				CLANG_WARN_BLOCK_CAPTURE_AUTORELEASING = YES;
				CLANG_WARN_BOOL_CONVERSION = YES;
				CLANG_WARN_COMMA = YES;
				CLANG_WARN_CONSTANT_CONVERSION = YES;
				CLANG_WARN_DEPRECATED_OBJC_IMPLEMENTATIONS = YES;
				CLANG_WARN_DIRECT_OBJC_ISA_USAGE = YES_ERROR;
				CLANG_WARN_DOCUMENTATION_COMMENTS = YES;
				CLANG_WARN_EMPTY_BODY = YES;
				CLANG_WARN_ENUM_CONVERSION = YES;
				CLANG_WARN_INFINITE_RECURSION = YES;
				CLANG_WARN_INT_CONVERSION = YES;
				CLANG_WARN_NON_LITERAL_NULL_CONVERSION = YES;
				CLANG_WARN_OBJC_IMPLICIT_RETAIN_SELF = YES;
				CLANG_WARN_OBJC_LITERAL_CONVERSION = YES;
				CLANG_WARN_OBJC_ROOT_CLASS = YES_ERROR;
				CLANG_WARN_RANGE_LOOP_ANALYSIS = YES;
				CLANG_WARN_STRICT_PROTOTYPES = YES;
				CLANG_WARN_SUSPICIOUS_MOVE = YES;
				CLANG_WARN_UNGUARDED_AVAILABILITY = YES_AGGRESSIVE;
				CLANG_WARN_UNREACHABLE_CODE = YES;
				CLANG_WARN__DUPLICATE_METHOD_MATCH = YES;
				CODE_SIGN_IDENTITY = "iPhone Developer";
				COPY_PHASE_STRIP = NO;
				DEBUG_INFORMATION_FORMAT = "dwarf-with-dsym";
				ENABLE_NS_ASSERTIONS = NO;
				ENABLE_STRICT_OBJC_MSGSEND = YES;
				GCC_C_LANGUAGE_STANDARD = gnu11;
				GCC_NO_COMMON_BLOCKS = YES;
				GCC_WARN_64_TO_32_BIT_CONVERSION = YES;
				GCC_WARN_ABOUT_RETURN_TYPE = YES_ERROR;
				GCC_WARN_UNDECLARED_SELECTOR = YES;
				GCC_WARN_UNINITIALIZED_AUTOS = YES_AGGRESSIVE;
				GCC_WARN_UNUSED_FUNCTION = YES;
				GCC_WARN_UNUSED_VARIABLE = YES;
				IPHONEOS_DEPLOYMENT_TARGET = 12.0;
				MTL_ENABLE_DEBUG_INFO = NO;
				MTL_FAST_MATH = YES;
				SDKROOT = iphoneos;
				SWIFT_COMPILATION_MODE = wholemodule;
				SWIFT_OPTIMIZATION_LEVEL = "-O";
				VALIDATE_PRODUCT = YES;
			};
			name = Release;
		};
		E66B15DD220C6AF900FA119D /* Debug */ = {
			isa = XCBuildConfiguration;
			buildSettings = {
				ASSETCATALOG_COMPILER_APPICON_NAME = AppIcon;
				CODE_SIGN_STYLE = Manual;
				DEVELOPMENT_TEAM = "";
				INFOPLIST_FILE = TestDoubles/Info.plist;
				IPHONEOS_DEPLOYMENT_TARGET = 12.0;
				LD_RUNPATH_SEARCH_PATHS = (
					"$(inherited)",
					"@executable_path/Frameworks",
				);
				PRODUCT_BUNDLE_IDENTIFIER = com.murali.kathir.TestDoubles;
				PRODUCT_NAME = "$(TARGET_NAME)";
				PROVISIONING_PROFILE_SPECIFIER = "";
				SWIFT_VERSION = 4.2;
				TARGETED_DEVICE_FAMILY = "1,2";
			};
			name = Debug;
		};
		E66B15DE220C6AF900FA119D /* Release */ = {
			isa = XCBuildConfiguration;
			buildSettings = {
				ASSETCATALOG_COMPILER_APPICON_NAME = AppIcon;
				CODE_SIGN_STYLE = Manual;
				DEVELOPMENT_TEAM = "";
				INFOPLIST_FILE = TestDoubles/Info.plist;
				IPHONEOS_DEPLOYMENT_TARGET = 12.0;
				LD_RUNPATH_SEARCH_PATHS = (
					"$(inherited)",
					"@executable_path/Frameworks",
				);
				PRODUCT_BUNDLE_IDENTIFIER = com.murali.kathir.TestDoubles;
				PRODUCT_NAME = "$(TARGET_NAME)";
				PROVISIONING_PROFILE_SPECIFIER = "";
				SWIFT_VERSION = 4.2;
				TARGETED_DEVICE_FAMILY = "1,2";
			};
			name = Release;
		};
		E66B15E0220C6AF900FA119D /* Debug */ = {
			isa = XCBuildConfiguration;
			buildSettings = {
				ALWAYS_EMBED_SWIFT_STANDARD_LIBRARIES = YES;
				BUNDLE_LOADER = "$(TEST_HOST)";
				CODE_SIGN_STYLE = Automatic;
				INFOPLIST_FILE = TestDoublesTests/Info.plist;
				LD_RUNPATH_SEARCH_PATHS = (
					"$(inherited)",
					"@executable_path/Frameworks",
					"@loader_path/Frameworks",
				);
				PRODUCT_BUNDLE_IDENTIFIER = com.murali.kathir.TestDoublesTests;
				PRODUCT_NAME = "$(TARGET_NAME)";
				SWIFT_VERSION = 4.2;
				TARGETED_DEVICE_FAMILY = "1,2";
				TEST_HOST = "$(BUILT_PRODUCTS_DIR)/TestDoubles.app/TestDoubles";
			};
			name = Debug;
		};
		E66B15E1220C6AF900FA119D /* Release */ = {
			isa = XCBuildConfiguration;
			buildSettings = {
				ALWAYS_EMBED_SWIFT_STANDARD_LIBRARIES = YES;
				BUNDLE_LOADER = "$(TEST_HOST)";
				CODE_SIGN_STYLE = Automatic;
				INFOPLIST_FILE = TestDoublesTests/Info.plist;
				LD_RUNPATH_SEARCH_PATHS = (
					"$(inherited)",
					"@executable_path/Frameworks",
					"@loader_path/Frameworks",
				);
				PRODUCT_BUNDLE_IDENTIFIER = com.murali.kathir.TestDoublesTests;
				PRODUCT_NAME = "$(TARGET_NAME)";
				SWIFT_VERSION = 4.2;
				TARGETED_DEVICE_FAMILY = "1,2";
				TEST_HOST = "$(BUILT_PRODUCTS_DIR)/TestDoubles.app/TestDoubles";
			};
			name = Release;
		};
/* End XCBuildConfiguration section */

/* Begin XCConfigurationList section */
		E66B15BA220C6AF800FA119D /* Build configuration list for PBXProject "TestDoubles" */ = {
			isa = XCConfigurationList;
			buildConfigurations = (
				E66B15DA220C6AF900FA119D /* Debug */,
				E66B15DB220C6AF900FA119D /* Release */,
			);
			defaultConfigurationIsVisible = 0;
			defaultConfigurationName = Release;
		};
		E66B15DC220C6AF900FA119D /* Build configuration list for PBXNativeTarget "TestDoubles" */ = {
			isa = XCConfigurationList;
			buildConfigurations = (
				E66B15DD220C6AF900FA119D /* Debug */,
				E66B15DE220C6AF900FA119D /* Release */,
			);
			defaultConfigurationIsVisible = 0;
			defaultConfigurationName = Release;
		};
		E66B15DF220C6AF900FA119D /* Build configuration list for PBXNativeTarget "TestDoublesTests" */ = {
			isa = XCConfigurationList;
			buildConfigurations = (
				E66B15E0220C6AF900FA119D /* Debug */,
				E66B15E1220C6AF900FA119D /* Release */,
			);
			defaultConfigurationIsVisible = 0;
			defaultConfigurationName = Release;
		};
/* End XCConfigurationList section */
	};
	rootObject = E66B15B7220C6AF800FA119D /* Project object */;
}
